
Microsoft Visual Studio Solution File, Format Version 12.00
# Visual Studio Version 17
VisualStudioVersion = 17.11.35312.102
MinimumVisualStudioVersion = 10.0.40219.1
Project("{FAE04EC0-301F-11D3-BF4B-00C04F79EFBC}") = "Escenario_mundo_real_U4", "Escenario_mundo_real_U4\Escenario_mundo_real_U4.csproj", "{C509FE48-D355-4B3E-803E-A2B74F79D9F5}"
EndProject
Global
	GlobalSection(SolutionConfigurationPlatforms) = preSolution
		Debug|Any CPU = Debug|Any CPU
		Release|Any CPU = Release|Any CPU
	EndGlobalSection
	GlobalSection(ProjectConfigurationPlatforms) = postSolution
		{C509FE48-D355-4B3E-803E-A2B74F79D9F5}.Debug|Any CPU.ActiveCfg = Debug|Any CPU
		{C509FE48-D355-4B3E-803E-A2B74F79D9F5}.Debug|Any CPU.Build.0 = Debug|Any CPU
		{C509FE48-D355-4B3E-803E-A2B74F79D9F5}.Release|Any CPU.ActiveCfg = Release|Any CPU
		{C509FE48-D355-4B3E-803E-A2B74F79D9F5}.Release|Any CPU.Build.0 = Release|Any CPU
	EndGlobalSection
	GlobalSection(SolutionProperties) = preSolution
		HideSolutionNode = FALSE
	EndGlobalSection
	GlobalSection(ExtensibilityGlobals) = postSolution
		SolutionGuid = {D1321AAE-9D45-4447-A70A-EA8B158AA028}
	EndGlobalSection
EndGlobal
